
Microsoft Visual Studio Solution File, Format Version 12.00
# Visual Studio Version 16
VisualStudioVersion = 16.0.29509.3
MinimumVisualStudioVersion = 10.0.40219.1
Project("{FAE04EC0-301F-11D3-BF4B-00C04F79EFBC}") = "OOCalculator", "OOCalculator\OOCalculator.csproj", "{1F7AECE3-4943-4604-86AF-A73D208BA883}"
EndProject
Global
	GlobalSection(SolutionConfigurationPlatforms) = preSolution
		Debug|Any CPU = Debug|Any CPU
		Release|Any CPU = Release|Any CPU
	EndGlobalSection
	GlobalSection(ProjectConfigurationPlatforms) = postSolution
		{1F7AECE3-4943-4604-86AF-A73D208BA883}.Debug|Any CPU.ActiveCfg = Debug|Any CPU
		{1F7AECE3-4943-4604-86AF-A73D208BA883}.Debug|Any CPU.Build.0 = Debug|Any CPU
		{1F7AECE3-4943-4604-86AF-A73D208BA883}.Release|Any CPU.ActiveCfg = Release|Any CPU
		{1F7AECE3-4943-4604-86AF-A73D208BA883}.Release|Any CPU.Build.0 = Release|Any CPU
	EndGlobalSection
	GlobalSection(SolutionProperties) = preSolution
		HideSolutionNode = FALSE
	EndGlobalSection
	GlobalSection(ExtensibilityGlobals) = postSolution
		SolutionGuid = {0FD9F0EA-5DF0-47FE-B3A3-7773271AFCBD}
	EndGlobalSection
EndGlobal
